// !$*UTF8*$!
{
	archiveVersion = 1;
	classes = {
	};
	objectVersion = 55;
	objects = {

/* Begin PBXBuildFile section */
		E3A9B1B2280AD8E600B87502 /* AppDelegate.swift in Sources */ = {isa = PBXBuildFile; fileRef = E3A9B1B1280AD8E600B87502 /* AppDelegate.swift */; };
		E3A9B1B4280AD8E600B87502 /* SceneDelegate.swift in Sources */ = {isa = PBXBuildFile; fileRef = E3A9B1B3280AD8E600B87502 /* SceneDelegate.swift */; };
		E3A9B1B6280AD8E600B87502 /* ViewController.swift in Sources */ = {isa = PBXBuildFile; fileRef = E3A9B1B5280AD8E600B87502 /* ViewController.swift */; };
		E3A9B1BB280AD8EB00B87502 /* Assets.xcassets in Resources */ = {isa = PBXBuildFile; fileRef = E3A9B1BA280AD8EB00B87502 /* Assets.xcassets */; };
		E3A9B1BE280AD8EB00B87502 /* LaunchScreen.storyboard in Resources */ = {isa = PBXBuildFile; fileRef = E3A9B1BC280AD8EB00B87502 /* LaunchScreen.storyboard */; };
		E3A9B1CC280ADEDC00B87502 /* ModelCharacters.swift in Sources */ = {isa = PBXBuildFile; fileRef = E3A9B1CB280ADEDC00B87502 /* ModelCharacters.swift */; };
		E3A9B1CE280AE0DA00B87502 /* Service.swift in Sources */ = {isa = PBXBuildFile; fileRef = E3A9B1CD280AE0DA00B87502 /* Service.swift */; };
		E3A9B1D0280AE27200B87502 /* ServiceFetcher.swift in Sources */ = {isa = PBXBuildFile; fileRef = E3A9B1CF280AE27100B87502 /* ServiceFetcher.swift */; };
		E3A9B1D2280C4B4A00B87502 /* CharacterCollectionViewCell.swift in Sources */ = {isa = PBXBuildFile; fileRef = E3A9B1D1280C4B4900B87502 /* CharacterCollectionViewCell.swift */; };
/* End PBXBuildFile section */

/* Begin PBXFileReference section */
		E3A9B1AE280AD8E600B87502 /* Rick and Morty Wiki.app */ = {isa = PBXFileReference; explicitFileType = wrapper.application; includeInIndex = 0; path = "Rick and Morty Wiki.app"; sourceTree = BUILT_PRODUCTS_DIR; };
		E3A9B1B1280AD8E600B87502 /* AppDelegate.swift */ = {isa = PBXFileReference; lastKnownFileType = sourcecode.swift; path = AppDelegate.swift; sourceTree = "<group>"; };
		E3A9B1B3280AD8E600B87502 /* SceneDelegate.swift */ = {isa = PBXFileReference; lastKnownFileType = sourcecode.swift; path = SceneDelegate.swift; sourceTree = "<group>"; };
		E3A9B1B5280AD8E600B87502 /* ViewController.swift */ = {isa = PBXFileReference; lastKnownFileType = sourcecode.swift; path = ViewController.swift; sourceTree = "<group>"; };
		E3A9B1BA280AD8EB00B87502 /* Assets.xcassets */ = {isa = PBXFileReference; lastKnownFileType = folder.assetcatalog; path = Assets.xcassets; sourceTree = "<group>"; };
		E3A9B1BD280AD8EB00B87502 /* Base */ = {isa = PBXFileReference; lastKnownFileType = file.storyboard; name = Base; path = Base.lproj/LaunchScreen.storyboard; sourceTree = "<group>"; };
		E3A9B1BF280AD8EB00B87502 /* Info.plist */ = {isa = PBXFileReference; lastKnownFileType = text.plist.xml; path = Info.plist; sourceTree = "<group>"; };
		E3A9B1CB280ADEDC00B87502 /* ModelCharacters.swift */ = {isa = PBXFileReference; lastKnownFileType = sourcecode.swift; path = ModelCharacters.swift; sourceTree = "<group>"; };
		E3A9B1CD280AE0DA00B87502 /* Service.swift */ = {isa = PBXFileReference; lastKnownFileType = sourcecode.swift; path = Service.swift; sourceTree = "<group>"; };
		E3A9B1CF280AE27100B87502 /* ServiceFetcher.swift */ = {isa = PBXFileReference; lastKnownFileType = sourcecode.swift; path = ServiceFetcher.swift; sourceTree = "<group>"; };
		E3A9B1D1280C4B4900B87502 /* CharacterCollectionViewCell.swift */ = {isa = PBXFileReference; lastKnownFileType = sourcecode.swift; path = CharacterCollectionViewCell.swift; sourceTree = "<group>"; };
/* End PBXFileReference section */

/* Begin PBXFrameworksBuildPhase section */
		E3A9B1AB280AD8E600B87502 /* Frameworks */ = {
			isa = PBXFrameworksBuildPhase;
			buildActionMask = 2147483647;
			files = (
			);
			runOnlyForDeploymentPostprocessing = 0;
		};
/* End PBXFrameworksBuildPhase section */

/* Begin PBXGroup section */
		E3A9B1A5280AD8E600B87502 = {
			isa = PBXGroup;
			children = (
				E3A9B1B0280AD8E600B87502 /* Rick and Morty Wiki */,
				E3A9B1AF280AD8E600B87502 /* Products */,
			);
			sourceTree = "<group>";
		};
		E3A9B1AF280AD8E600B87502 /* Products */ = {
			isa = PBXGroup;
			children = (
				E3A9B1AE280AD8E600B87502 /* Rick and Morty Wiki.app */,
			);
			name = Products;
			sourceTree = "<group>";
		};
		E3A9B1B0280AD8E600B87502 /* Rick and Morty Wiki */ = {
			isa = PBXGroup;
			children = (
				E3A9B1C5280AD97700B87502 /* System Delegate */,
				E3A9B1CA280ADE8100B87502 /* Service */,
				E3A9B1C9280ADE7900B87502 /* Models */,
				E3A9B1C6280ADE1500B87502 /* Modules */,
				E3A9B1BA280AD8EB00B87502 /* Assets.xcassets */,
				E3A9B1BC280AD8EB00B87502 /* LaunchScreen.storyboard */,
				E3A9B1BF280AD8EB00B87502 /* Info.plist */,
			);
			path = "Rick and Morty Wiki";
			sourceTree = "<group>";
		};
		E3A9B1C5280AD97700B87502 /* System Delegate */ = {
			isa = PBXGroup;
			children = (
				E3A9B1B1280AD8E600B87502 /* AppDelegate.swift */,
				E3A9B1B3280AD8E600B87502 /* SceneDelegate.swift */,
			);
			path = "System Delegate";
			sourceTree = "<group>";
		};
		E3A9B1C6280ADE1500B87502 /* Modules */ = {
			isa = PBXGroup;
			children = (
				E3A9B1C7280ADE2000B87502 /* Main List Charecters */,
				E3A9B1C8280ADE6600B87502 /* Detail */,
			);
			path = Modules;
			sourceTree = "<group>";
		};
		E3A9B1C7280ADE2000B87502 /* Main List Charecters */ = {
			isa = PBXGroup;
			children = (
				E3A9B1B5280AD8E600B87502 /* ViewController.swift */,
				E3A9B1D1280C4B4900B87502 /* CharacterCollectionViewCell.swift */,
			);
			path = "Main List Charecters";
			sourceTree = "<group>";
		};
		E3A9B1C8280ADE6600B87502 /* Detail */ = {
			isa = PBXGroup;
			children = (
			);
			path = Detail;
			sourceTree = "<group>";
		};
		E3A9B1C9280ADE7900B87502 /* Models */ = {
			isa = PBXGroup;
			children = (
				E3A9B1CB280ADEDC00B87502 /* ModelCharacters.swift */,
			);
			path = Models;
			sourceTree = "<group>";
		};
		E3A9B1CA280ADE8100B87502 /* Service */ = {
			isa = PBXGroup;
			children = (
				E3A9B1CD280AE0DA00B87502 /* Service.swift */,
				E3A9B1CF280AE27100B87502 /* ServiceFetcher.swift */,
			);
			path = Service;
			sourceTree = "<group>";
		};
/* End PBXGroup section */

/* Begin PBXNativeTarget section */
		E3A9B1AD280AD8E600B87502 /* Rick and Morty Wiki */ = {
			isa = PBXNativeTarget;
			buildConfigurationList = E3A9B1C2280AD8EB00B87502 /* Build configuration list for PBXNativeTarget "Rick and Morty Wiki" */;
			buildPhases = (
				E3A9B1AA280AD8E600B87502 /* Sources */,
				E3A9B1AB280AD8E600B87502 /* Frameworks */,
				E3A9B1AC280AD8E600B87502 /* Resources */,
			);
			buildRules = (
			);
			dependencies = (
			);
			name = "Rick and Morty Wiki";
			productName = "Rick and Morty Wiki";
			productReference = E3A9B1AE280AD8E600B87502 /* Rick and Morty Wiki.app */;
			productType = "com.apple.product-type.application";
		};
/* End PBXNativeTarget section */

/* Begin PBXProject section */
		E3A9B1A6280AD8E600B87502 /* Project object */ = {
			isa = PBXProject;
			attributes = {
				BuildIndependentTargetsInParallel = 1;
				LastSwiftUpdateCheck = 1320;
				LastUpgradeCheck = 1320;
				TargetAttributes = {
					E3A9B1AD280AD8E600B87502 = {
						CreatedOnToolsVersion = 13.2.1;
					};
				};
			};
			buildConfigurationList = E3A9B1A9280AD8E600B87502 /* Build configuration list for PBXProject "Rick and Morty Wiki" */;
			compatibilityVersion = "Xcode 13.0";
			developmentRegion = en;
			hasScannedForEncodings = 0;
			knownRegions = (
				en,
				Base,
			);
			mainGroup = E3A9B1A5280AD8E600B87502;
			productRefGroup = E3A9B1AF280AD8E600B87502 /* Products */;
			projectDirPath = "";
			projectRoot = "";
			targets = (
				E3A9B1AD280AD8E600B87502 /* Rick and Morty Wiki */,
			);
		};
/* End PBXProject section */

/* Begin PBXResourcesBuildPhase section */
		E3A9B1AC280AD8E600B87502 /* Resources */ = {
			isa = PBXResourcesBuildPhase;
			buildActionMask = 2147483647;
			files = (
				E3A9B1BE280AD8EB00B87502 /* LaunchScreen.storyboard in Resources */,
				E3A9B1BB280AD8EB00B87502 /* Assets.xcassets in Resources */,
			);
			runOnlyForDeploymentPostprocessing = 0;
		};
/* End PBXResourcesBuildPhase section */

/* Begin PBXSourcesBuildPhase section */
		E3A9B1AA280AD8E600B87502 /* Sources */ = {
			isa = PBXSourcesBuildPhase;
			buildActionMask = 2147483647;
			files = (
				E3A9B1B6280AD8E600B87502 /* ViewController.swift in Sources */,
				E3A9B1CC280ADEDC00B87502 /* ModelCharacters.swift in Sources */,
				E3A9B1CE280AE0DA00B87502 /* Service.swift in Sources */,
				E3A9B1D0280AE27200B87502 /* ServiceFetcher.swift in Sources */,
				E3A9B1B2280AD8E600B87502 /* AppDelegate.swift in Sources */,
				E3A9B1B4280AD8E600B87502 /* SceneDelegate.swift in Sources */,
				E3A9B1D2280C4B4A00B87502 /* CharacterCollectionViewCell.swift in Sources */,
			);
			runOnlyForDeploymentPostprocessing = 0;
		};
/* End PBXSourcesBuildPhase section */

/* Begin PBXVariantGroup section */
		E3A9B1BC280AD8EB00B87502 /* LaunchScreen.storyboard */ = {
			isa = PBXVariantGroup;
			children = (
				E3A9B1BD280AD8EB00B87502 /* Base */,
			);
			name = LaunchScreen.storyboard;
			sourceTree = "<group>";
		};
/* End PBXVariantGroup section */

/* Begin XCBuildConfiguration section */
		E3A9B1C0280AD8EB00B87502 /* Debug */ = {
			isa = XCBuildConfiguration;
			buildSettings = {
				ALWAYS_SEARCH_USER_PATHS = NO;
				CLANG_ANALYZER_NONNULL = YES;
				CLANG_ANALYZER_NUMBER_OBJECT_CONVERSION = YES_AGGRESSIVE;
				CLANG_CXX_LANGUAGE_STANDARD = "gnu++17";
				CLANG_CXX_LIBRARY = "libc++";
				CLANG_ENABLE_MODULES = YES;
				CLANG_ENABLE_OBJC_ARC = YES;
				CLANG_ENABLE_OBJC_WEAK = YES;
				CLANG_WARN_BLOCK_CAPTURE_AUTORELEASING = YES;
				CLANG_WARN_BOOL_CONVERSION = YES;
				CLANG_WARN_COMMA = YES;
				CLANG_WARN_CONSTANT_CONVERSION = YES;
				CLANG_WARN_DEPRECATED_OBJC_IMPLEMENTATIONS = YES;
				CLANG_WARN_DIRECT_OBJC_ISA_USAGE = YES_ERROR;
				CLANG_WARN_DOCUMENTATION_COMMENTS = YES;
				CLANG_WARN_EMPTY_BODY = YES;
				CLANG_WARN_ENUM_CONVERSION = YES;
				CLANG_WARN_INFINITE_RECURSION = YES;
				CLANG_WARN_INT_CONVERSION = YES;
				CLANG_WARN_NON_LITERAL_NULL_CONVERSION = YES;
				CLANG_WARN_OBJC_IMPLICIT_RETAIN_SELF = YES;
				CLANG_WARN_OBJC_LITERAL_CONVERSION = YES;
				CLANG_WARN_OBJC_ROOT_CLASS = YES_ERROR;
				CLANG_WARN_QUOTED_INCLUDE_IN_FRAMEWORK_HEADER = YES;
				CLANG_WARN_RANGE_LOOP_ANALYSIS = YES;
				CLANG_WARN_STRICT_PROTOTYPES = YES;
				CLANG_WARN_SUSPICIOUS_MOVE = YES;
				CLANG_WARN_UNGUARDED_AVAILABILITY = YES_AGGRESSIVE;
				CLANG_WARN_UNREACHABLE_CODE = YES;
				CLANG_WARN__DUPLICATE_METHOD_MATCH = YES;
				COPY_PHASE_STRIP = NO;
				DEBUG_INFORMATION_FORMAT = dwarf;
				ENABLE_STRICT_OBJC_MSGSEND = YES;
				ENABLE_TESTABILITY = YES;
				GCC_C_LANGUAGE_STANDARD = gnu11;
				GCC_DYNAMIC_NO_PIC = NO;
				GCC_NO_COMMON_BLOCKS = YES;
				GCC_OPTIMIZATION_LEVEL = 0;
				GCC_PREPROCESSOR_DEFINITIONS = (
					"DEBUG=1",
					"$(inherited)",
				);
				GCC_WARN_64_TO_32_BIT_CONVERSION = YES;
				GCC_WARN_ABOUT_RETURN_TYPE = YES_ERROR;
				GCC_WARN_UNDECLARED_SELECTOR = YES;
				GCC_WARN_UNINITIALIZED_AUTOS = YES_AGGRESSIVE;
				GCC_WARN_UNUSED_FUNCTION = YES;
				GCC_WARN_UNUSED_VARIABLE = YES;
				IPHONEOS_DEPLOYMENT_TARGET = 13.0;
				MTL_ENABLE_DEBUG_INFO = INCLUDE_SOURCE;
				MTL_FAST_MATH = YES;
				ONLY_ACTIVE_ARCH = YES;
				SDKROOT = iphoneos;
				SWIFT_ACTIVE_COMPILATION_CONDITIONS = DEBUG;
				SWIFT_OPTIMIZATION_LEVEL = "-Onone";
			};
			name = Debug;
		};
		E3A9B1C1280AD8EB00B87502 /* Release */ = {
			isa = XCBuildConfiguration;
			buildSettings = {
				ALWAYS_SEARCH_USER_PATHS = NO;
				CLANG_ANALYZER_NONNULL = YES;
				CLANG_ANALYZER_NUMBER_OBJECT_CONVERSION = YES_AGGRESSIVE;
				CLANG_CXX_LANGUAGE_STANDARD = "gnu++17";
				CLANG_CXX_LIBRARY = "libc++";
				CLANG_ENABLE_MODULES = YES;
				CLANG_ENABLE_OBJC_ARC = YES;
				CLANG_ENABLE_OBJC_WEAK = YES;
				CLANG_WARN_BLOCK_CAPTURE_AUTORELEASING = YES;
				CLANG_WARN_BOOL_CONVERSION = YES;
				CLANG_WARN_COMMA = YES;
				CLANG_WARN_CONSTANT_CONVERSION = YES;
				CLANG_WARN_DEPRECATED_OBJC_IMPLEMENTATIONS = YES;
				CLANG_WARN_DIRECT_OBJC_ISA_USAGE = YES_ERROR;
				CLANG_WARN_DOCUMENTATION_COMMENTS = YES;
				CLANG_WARN_EMPTY_BODY = YES;
				CLANG_WARN_ENUM_CONVERSION = YES;
				CLANG_WARN_INFINITE_RECURSION = YES;
				CLANG_WARN_INT_CONVERSION = YES;
				CLANG_WARN_NON_LITERAL_NULL_CONVERSION = YES;
				CLANG_WARN_OBJC_IMPLICIT_RETAIN_SELF = YES;
				CLANG_WARN_OBJC_LITERAL_CONVERSION = YES;
				CLANG_WARN_OBJC_ROOT_CLASS = YES_ERROR;
				CLANG_WARN_QUOTED_INCLUDE_IN_FRAMEWORK_HEADER = YES;
				CLANG_WARN_RANGE_LOOP_ANALYSIS = YES;
				CLANG_WARN_STRICT_PROTOTYPES = YES;
				CLANG_WARN_SUSPICIOUS_MOVE = YES;
				CLANG_WARN_UNGUARDED_AVAILABILITY = YES_AGGRESSIVE;
				CLANG_WARN_UNREACHABLE_CODE = YES;
				CLANG_WARN__DUPLICATE_METHOD_MATCH = YES;
				COPY_PHASE_STRIP = NO;
				DEBUG_INFORMATION_FORMAT = "dwarf-with-dsym";
				ENABLE_NS_ASSERTIONS = NO;
				ENABLE_STRICT_OBJC_MSGSEND = YES;
				GCC_C_LANGUAGE_STANDARD = gnu11;
				GCC_NO_COMMON_BLOCKS = YES;
				GCC_WARN_64_TO_32_BIT_CONVERSION = YES;
				GCC_WARN_ABOUT_RETURN_TYPE = YES_ERROR;
				GCC_WARN_UNDECLARED_SELECTOR = YES;
				GCC_WARN_UNINITIALIZED_AUTOS = YES_AGGRESSIVE;
				GCC_WARN_UNUSED_FUNCTION = YES;
				GCC_WARN_UNUSED_VARIABLE = YES;
				IPHONEOS_DEPLOYMENT_TARGET = 13.0;
				MTL_ENABLE_DEBUG_INFO = NO;
				MTL_FAST_MATH = YES;
				SDKROOT = iphoneos;
				SWIFT_COMPILATION_MODE = wholemodule;
				SWIFT_OPTIMIZATION_LEVEL = "-O";
				VALIDATE_PRODUCT = YES;
			};
			name = Release;
		};
		E3A9B1C3280AD8EB00B87502 /* Debug */ = {
			isa = XCBuildConfiguration;
			buildSettings = {
				ASSETCATALOG_COMPILER_APPICON_NAME = AppIcon;
				ASSETCATALOG_COMPILER_GLOBAL_ACCENT_COLOR_NAME = AccentColor;
				CODE_SIGN_STYLE = Automatic;
				CURRENT_PROJECT_VERSION = 1;
				DEVELOPMENT_TEAM = E4F3RD8E26;
				GENERATE_INFOPLIST_FILE = YES;
				INFOPLIST_FILE = "Rick and Morty Wiki/Info.plist";
				INFOPLIST_KEY_UIApplicationSupportsIndirectInputEvents = YES;
				INFOPLIST_KEY_UILaunchStoryboardName = LaunchScreen;
				INFOPLIST_KEY_UISupportedInterfaceOrientations = UIInterfaceOrientationPortrait;
				INFOPLIST_KEY_UISupportedInterfaceOrientations_iPhone = UIInterfaceOrientationPortrait;
				LD_RUNPATH_SEARCH_PATHS = (
					"$(inherited)",
					"@executable_path/Frameworks",
				);
				MARKETING_VERSION = 1.0;
				PRODUCT_BUNDLE_IDENTIFIER = "Vonkad.Rick-and-Morty-Wiki";
				PRODUCT_NAME = "$(TARGET_NAME)";
				SWIFT_EMIT_LOC_STRINGS = YES;
				SWIFT_VERSION = 5.0;
				TARGETED_DEVICE_FAMILY = 1;
			};
			name = Debug;
		};
		E3A9B1C4280AD8EB00B87502 /* Release */ = {
			isa = XCBuildConfiguration;
			buildSettings = {
				ASSETCATALOG_COMPILER_APPICON_NAME = AppIcon;
				ASSETCATALOG_COMPILER_GLOBAL_ACCENT_COLOR_NAME = AccentColor;
				CODE_SIGN_STYLE = Automatic;
				CURRENT_PROJECT_VERSION = 1;
				DEVELOPMENT_TEAM = E4F3RD8E26;
				GENERATE_INFOPLIST_FILE = YES;
				INFOPLIST_FILE = "Rick and Morty Wiki/Info.plist";
				INFOPLIST_KEY_UIApplicationSupportsIndirectInputEvents = YES;
				INFOPLIST_KEY_UILaunchStoryboardName = LaunchScreen;
				INFOPLIST_KEY_UISupportedInterfaceOrientations = UIInterfaceOrientationPortrait;
				INFOPLIST_KEY_UISupportedInterfaceOrientations_iPhone = UIInterfaceOrientationPortrait;
				LD_RUNPATH_SEARCH_PATHS = (
					"$(inherited)",
					"@executable_path/Frameworks",
				);
				MARKETING_VERSION = 1.0;
				PRODUCT_BUNDLE_IDENTIFIER = "Vonkad.Rick-and-Morty-Wiki";
				PRODUCT_NAME = "$(TARGET_NAME)";
				SWIFT_EMIT_LOC_STRINGS = YES;
				SWIFT_VERSION = 5.0;
				TARGETED_DEVICE_FAMILY = 1;
			};
			name = Release;
		};
/* End XCBuildConfiguration section */

/* Begin XCConfigurationList section */
		E3A9B1A9280AD8E600B87502 /* Build configuration list for PBXProject "Rick and Morty Wiki" */ = {
			isa = XCConfigurationList;
			buildConfigurations = (
				E3A9B1C0280AD8EB00B87502 /* Debug */,
				E3A9B1C1280AD8EB00B87502 /* Release */,
			);
			defaultConfigurationIsVisible = 0;
			defaultConfigurationName = Release;
		};
		E3A9B1C2280AD8EB00B87502 /* Build configuration list for PBXNativeTarget "Rick and Morty Wiki" */ = {
			isa = XCConfigurationList;
			buildConfigurations = (
				E3A9B1C3280AD8EB00B87502 /* Debug */,
				E3A9B1C4280AD8EB00B87502 /* Release */,
			);
			defaultConfigurationIsVisible = 0;
			defaultConfigurationName = Release;
		};
/* End XCConfigurationList section */
	};
	rootObject = E3A9B1A6280AD8E600B87502 /* Project object */;
}
